// !$*UTF8*$!
{
	archiveVersion = 1;
	classes = {
	};
	objectVersion = 50;
	objects = {

/* Begin PBXBuildFile section */
		24E499C222EC32B6004A33DD /* MagentoSDK.swift in Sources */ = {isa = PBXBuildFile; fileRef = 24E499C122EC32B6004A33DD /* MagentoSDK.swift */; };
		24E499CA22EC333E004A33DD /* Connection.swift in Sources */ = {isa = PBXBuildFile; fileRef = 24E499C922EC333E004A33DD /* Connection.swift */; };
		24E499CD22EC42A6004A33DD /* GuestEndpoint.swift in Sources */ = {isa = PBXBuildFile; fileRef = 24E499CC22EC42A6004A33DD /* GuestEndpoint.swift */; };
		24E499CF22EC4307004A33DD /* UserEndpoint.swift in Sources */ = {isa = PBXBuildFile; fileRef = 24E499CE22EC4307004A33DD /* UserEndpoint.swift */; };
		24E499D122EC4313004A33DD /* AdminEndpoint.swift in Sources */ = {isa = PBXBuildFile; fileRef = 24E499D022EC4313004A33DD /* AdminEndpoint.swift */; };
		24E499D422EC43CA004A33DD /* Customers.swift in Sources */ = {isa = PBXBuildFile; fileRef = 24E499D322EC43CA004A33DD /* Customers.swift */; };
		24E499D722EC44B3004A33DD /* Customer.swift in Sources */ = {isa = PBXBuildFile; fileRef = 24E499D622EC44B3004A33DD /* Customer.swift */; };
		24E499D922EC4563004A33DD /* Addresses.swift in Sources */ = {isa = PBXBuildFile; fileRef = 24E499D822EC4563004A33DD /* Addresses.swift */; };
		24E499DB22EC463E004A33DD /* Region.swift in Sources */ = {isa = PBXBuildFile; fileRef = 24E499DA22EC463E004A33DD /* Region.swift */; };
		24E499DD22EC46FE004A33DD /* CustomAttribute.swift in Sources */ = {isa = PBXBuildFile; fileRef = 24E499DC22EC46FE004A33DD /* CustomAttribute.swift */; };
		24E499DF22EC482F004A33DD /* ExtensionAttribute.swift in Sources */ = {isa = PBXBuildFile; fileRef = 24E499DE22EC482F004A33DD /* ExtensionAttribute.swift */; };
		24E499E122EC4877004A33DD /* CompanyAttribute.swift in Sources */ = {isa = PBXBuildFile; fileRef = 24E499E022EC4877004A33DD /* CompanyAttribute.swift */; };
		24E499E522EC4939004A33DD /* CreateCustomers.swift in Sources */ = {isa = PBXBuildFile; fileRef = 24E499E422EC4939004A33DD /* CreateCustomers.swift */; };
		24E499E722EF550A004A33DD /* Endpoint.swift in Sources */ = {isa = PBXBuildFile; fileRef = 24E499E622EF550A004A33DD /* Endpoint.swift */; };
		24E499E922EF5514004A33DD /* Request.swift in Sources */ = {isa = PBXBuildFile; fileRef = 24E499E822EF5514004A33DD /* Request.swift */; };
		24E499EB22EF551C004A33DD /* Response.swift in Sources */ = {isa = PBXBuildFile; fileRef = 24E499EA22EF551C004A33DD /* Response.swift */; };
		5CC93D1A262F4AC957148BFA /* Pods_MagentoSDK.framework in Frameworks */ = {isa = PBXBuildFile; fileRef = 0B33B6AC6DE6F8A48CA5792D /* Pods_MagentoSDK.framework */; };
/* End PBXBuildFile section */

/* Begin PBXCopyFilesBuildPhase section */
		24E499BC22EC32B6004A33DD /* CopyFiles */ = {
			isa = PBXCopyFilesBuildPhase;
			buildActionMask = 2147483647;
			dstPath = "include/$(PRODUCT_NAME)";
			dstSubfolderSpec = 16;
			files = (
			);
			runOnlyForDeploymentPostprocessing = 0;
		};
/* End PBXCopyFilesBuildPhase section */

/* Begin PBXFileReference section */
		00BECA62C12FC7C862C01DC2 /* Pods-MagentoSDK.debug.xcconfig */ = {isa = PBXFileReference; includeInIndex = 1; lastKnownFileType = text.xcconfig; name = "Pods-MagentoSDK.debug.xcconfig"; path = "Target Support Files/Pods-MagentoSDK/Pods-MagentoSDK.debug.xcconfig"; sourceTree = "<group>"; };
		0B33B6AC6DE6F8A48CA5792D /* Pods_MagentoSDK.framework */ = {isa = PBXFileReference; explicitFileType = wrapper.framework; includeInIndex = 0; path = Pods_MagentoSDK.framework; sourceTree = BUILT_PRODUCTS_DIR; };
		24E499BE22EC32B6004A33DD /* libMagentoSDK.a */ = {isa = PBXFileReference; explicitFileType = archive.ar; includeInIndex = 0; path = libMagentoSDK.a; sourceTree = BUILT_PRODUCTS_DIR; };
		24E499C122EC32B6004A33DD /* MagentoSDK.swift */ = {isa = PBXFileReference; lastKnownFileType = sourcecode.swift; path = MagentoSDK.swift; sourceTree = "<group>"; };
		24E499C922EC333E004A33DD /* Connection.swift */ = {isa = PBXFileReference; lastKnownFileType = sourcecode.swift; path = Connection.swift; sourceTree = "<group>"; };
		24E499CC22EC42A6004A33DD /* GuestEndpoint.swift */ = {isa = PBXFileReference; lastKnownFileType = sourcecode.swift; path = GuestEndpoint.swift; sourceTree = "<group>"; };
		24E499CE22EC4307004A33DD /* UserEndpoint.swift */ = {isa = PBXFileReference; lastKnownFileType = sourcecode.swift; path = UserEndpoint.swift; sourceTree = "<group>"; };
		24E499D022EC4313004A33DD /* AdminEndpoint.swift */ = {isa = PBXFileReference; lastKnownFileType = sourcecode.swift; path = AdminEndpoint.swift; sourceTree = "<group>"; };
		24E499D322EC43CA004A33DD /* Customers.swift */ = {isa = PBXFileReference; lastKnownFileType = sourcecode.swift; path = Customers.swift; sourceTree = "<group>"; };
		24E499D622EC44B3004A33DD /* Customer.swift */ = {isa = PBXFileReference; lastKnownFileType = sourcecode.swift; path = Customer.swift; sourceTree = "<group>"; };
		24E499D822EC4563004A33DD /* Addresses.swift */ = {isa = PBXFileReference; lastKnownFileType = sourcecode.swift; path = Addresses.swift; sourceTree = "<group>"; };
		24E499DA22EC463E004A33DD /* Region.swift */ = {isa = PBXFileReference; lastKnownFileType = sourcecode.swift; path = Region.swift; sourceTree = "<group>"; };
		24E499DC22EC46FE004A33DD /* CustomAttribute.swift */ = {isa = PBXFileReference; lastKnownFileType = sourcecode.swift; path = CustomAttribute.swift; sourceTree = "<group>"; };
		24E499DE22EC482F004A33DD /* ExtensionAttribute.swift */ = {isa = PBXFileReference; lastKnownFileType = sourcecode.swift; path = ExtensionAttribute.swift; sourceTree = "<group>"; };
		24E499E022EC4877004A33DD /* CompanyAttribute.swift */ = {isa = PBXFileReference; lastKnownFileType = sourcecode.swift; path = CompanyAttribute.swift; sourceTree = "<group>"; };
		24E499E422EC4939004A33DD /* CreateCustomers.swift */ = {isa = PBXFileReference; lastKnownFileType = sourcecode.swift; path = CreateCustomers.swift; sourceTree = "<group>"; };
		24E499E622EF550A004A33DD /* Endpoint.swift */ = {isa = PBXFileReference; lastKnownFileType = sourcecode.swift; path = Endpoint.swift; sourceTree = "<group>"; };
		24E499E822EF5514004A33DD /* Request.swift */ = {isa = PBXFileReference; lastKnownFileType = sourcecode.swift; path = Request.swift; sourceTree = "<group>"; };
		24E499EA22EF551C004A33DD /* Response.swift */ = {isa = PBXFileReference; lastKnownFileType = sourcecode.swift; path = Response.swift; sourceTree = "<group>"; };
		24E499EC22EF562C004A33DD /* endpoint.plist */ = {isa = PBXFileReference; lastKnownFileType = text.plist.xml; path = endpoint.plist; sourceTree = "<group>"; };
		88273FD37B217F7949C82697 /* Pods-MagentoSDK.release.xcconfig */ = {isa = PBXFileReference; includeInIndex = 1; lastKnownFileType = text.xcconfig; name = "Pods-MagentoSDK.release.xcconfig"; path = "Target Support Files/Pods-MagentoSDK/Pods-MagentoSDK.release.xcconfig"; sourceTree = "<group>"; };
/* End PBXFileReference section */

/* Begin PBXFrameworksBuildPhase section */
		24E499BB22EC32B6004A33DD /* Frameworks */ = {
			isa = PBXFrameworksBuildPhase;
			buildActionMask = 2147483647;
			files = (
				5CC93D1A262F4AC957148BFA /* Pods_MagentoSDK.framework in Frameworks */,
			);
			runOnlyForDeploymentPostprocessing = 0;
		};
/* End PBXFrameworksBuildPhase section */

/* Begin PBXGroup section */
		24E499B522EC32B6004A33DD = {
			isa = PBXGroup;
			children = (
				24E499C022EC32B6004A33DD /* MagentoSDK */,
				24E499BF22EC32B6004A33DD /* Products */,
				2EBD2FADAB0C994B535AC75D /* Pods */,
				C66E3299C7F47DDC7B92BE0C /* Frameworks */,
			);
			sourceTree = "<group>";
		};
		24E499BF22EC32B6004A33DD /* Products */ = {
			isa = PBXGroup;
			children = (
				24E499BE22EC32B6004A33DD /* libMagentoSDK.a */,
			);
			name = Products;
			sourceTree = "<group>";
		};
		24E499C022EC32B6004A33DD /* MagentoSDK */ = {
			isa = PBXGroup;
			children = (
				24E499EC22EF562C004A33DD /* endpoint.plist */,
				24E499CB22EC4288004A33DD /* v2 */,
				24E499C122EC32B6004A33DD /* MagentoSDK.swift */,
				24E499C922EC333E004A33DD /* Connection.swift */,
				24E499E622EF550A004A33DD /* Endpoint.swift */,
				24E499E822EF5514004A33DD /* Request.swift */,
				24E499EA22EF551C004A33DD /* Response.swift */,
			);
			path = MagentoSDK;
			sourceTree = "<group>";
		};
		24E499CB22EC4288004A33DD /* v2 */ = {
			isa = PBXGroup;
			children = (
				24E499D522EC449D004A33DD /* Model */,
				24E499D222EC43BA004A33DD /* Guest */,
				24E499CC22EC42A6004A33DD /* GuestEndpoint.swift */,
				24E499CE22EC4307004A33DD /* UserEndpoint.swift */,
				24E499D022EC4313004A33DD /* AdminEndpoint.swift */,
			);
			path = v2;
			sourceTree = "<group>";
		};
		24E499D222EC43BA004A33DD /* Guest */ = {
			isa = PBXGroup;
			children = (
				24E499E322EC4927004A33DD /* Request */,
				24E499E222EC4920004A33DD /* Response */,
				24E499D322EC43CA004A33DD /* Customers.swift */,
			);
			path = Guest;
			sourceTree = "<group>";
		};
		24E499D522EC449D004A33DD /* Model */ = {
			isa = PBXGroup;
			children = (
				24E499D622EC44B3004A33DD /* Customer.swift */,
				24E499D822EC4563004A33DD /* Addresses.swift */,
				24E499DA22EC463E004A33DD /* Region.swift */,
				24E499DC22EC46FE004A33DD /* CustomAttribute.swift */,
				24E499DE22EC482F004A33DD /* ExtensionAttribute.swift */,
				24E499E022EC4877004A33DD /* CompanyAttribute.swift */,
			);
			path = Model;
			sourceTree = "<group>";
		};
		24E499E222EC4920004A33DD /* Response */ = {
			isa = PBXGroup;
			children = (
			);
			path = Response;
			sourceTree = "<group>";
		};
		24E499E322EC4927004A33DD /* Request */ = {
			isa = PBXGroup;
			children = (
				24E499E422EC4939004A33DD /* CreateCustomers.swift */,
			);
			path = Request;
			sourceTree = "<group>";
		};
		2EBD2FADAB0C994B535AC75D /* Pods */ = {
			isa = PBXGroup;
			children = (
				00BECA62C12FC7C862C01DC2 /* Pods-MagentoSDK.debug.xcconfig */,
				88273FD37B217F7949C82697 /* Pods-MagentoSDK.release.xcconfig */,
			);
			path = Pods;
			sourceTree = "<group>";
		};
		C66E3299C7F47DDC7B92BE0C /* Frameworks */ = {
			isa = PBXGroup;
			children = (
				0B33B6AC6DE6F8A48CA5792D /* Pods_MagentoSDK.framework */,
			);
			name = Frameworks;
			sourceTree = "<group>";
		};
/* End PBXGroup section */

/* Begin PBXNativeTarget section */
		24E499BD22EC32B6004A33DD /* MagentoSDK */ = {
			isa = PBXNativeTarget;
			buildConfigurationList = 24E499C522EC32B6004A33DD /* Build configuration list for PBXNativeTarget "MagentoSDK" */;
			buildPhases = (
				6ADC102F37CFB5F862DA8107 /* [CP] Check Pods Manifest.lock */,
				24E499BA22EC32B6004A33DD /* Sources */,
				24E499BB22EC32B6004A33DD /* Frameworks */,
				24E499BC22EC32B6004A33DD /* CopyFiles */,
			);
			buildRules = (
			);
			dependencies = (
			);
			name = MagentoSDK;
			productName = MagentoSDK;
			productReference = 24E499BE22EC32B6004A33DD /* libMagentoSDK.a */;
			productType = "com.apple.product-type.library.static";
		};
/* End PBXNativeTarget section */

/* Begin PBXProject section */
		24E499B622EC32B6004A33DD /* Project object */ = {
			isa = PBXProject;
			attributes = {
				LastSwiftUpdateCheck = 1020;
				LastUpgradeCheck = 1020;
				ORGANIZATIONNAME = "Vincenzo La Rosa";
				TargetAttributes = {
					24E499BD22EC32B6004A33DD = {
						CreatedOnToolsVersion = 10.2.1;
					};
				};
			};
			buildConfigurationList = 24E499B922EC32B6004A33DD /* Build configuration list for PBXProject "MagentoSDK" */;
			compatibilityVersion = "Xcode 9.3";
			developmentRegion = en;
			hasScannedForEncodings = 0;
			knownRegions = (
				en,
			);
			mainGroup = 24E499B522EC32B6004A33DD;
			productRefGroup = 24E499BF22EC32B6004A33DD /* Products */;
			projectDirPath = "";
			projectRoot = "";
			targets = (
				24E499BD22EC32B6004A33DD /* MagentoSDK */,
			);
		};
/* End PBXProject section */

/* Begin PBXShellScriptBuildPhase section */
		6ADC102F37CFB5F862DA8107 /* [CP] Check Pods Manifest.lock */ = {
			isa = PBXShellScriptBuildPhase;
			buildActionMask = 2147483647;
			files = (
			);
			inputFileListPaths = (
			);
			inputPaths = (
				"${PODS_PODFILE_DIR_PATH}/Podfile.lock",
				"${PODS_ROOT}/Manifest.lock",
			);
			name = "[CP] Check Pods Manifest.lock";
			outputFileListPaths = (
			);
			outputPaths = (
				"$(DERIVED_FILE_DIR)/Pods-MagentoSDK-checkManifestLockResult.txt",
			);
			runOnlyForDeploymentPostprocessing = 0;
			shellPath = /bin/sh;
			shellScript = "diff \"${PODS_PODFILE_DIR_PATH}/Podfile.lock\" \"${PODS_ROOT}/Manifest.lock\" > /dev/null\nif [ $? != 0 ] ; then\n    # print error to STDERR\n    echo \"error: The sandbox is not in sync with the Podfile.lock. Run 'pod install' or update your CocoaPods installation.\" >&2\n    exit 1\nfi\n# This output is used by Xcode 'outputs' to avoid re-running this script phase.\necho \"SUCCESS\" > \"${SCRIPT_OUTPUT_FILE_0}\"\n";
			showEnvVarsInLog = 0;
		};
/* End PBXShellScriptBuildPhase section */

/* Begin PBXSourcesBuildPhase section */
		24E499BA22EC32B6004A33DD /* Sources */ = {
			isa = PBXSourcesBuildPhase;
			buildActionMask = 2147483647;
			files = (
				24E499E722EF550A004A33DD /* Endpoint.swift in Sources */,
				24E499DB22EC463E004A33DD /* Region.swift in Sources */,
				24E499D922EC4563004A33DD /* Addresses.swift in Sources */,
				24E499DF22EC482F004A33DD /* ExtensionAttribute.swift in Sources */,
				24E499C222EC32B6004A33DD /* MagentoSDK.swift in Sources */,
				24E499DD22EC46FE004A33DD /* CustomAttribute.swift in Sources */,
				24E499D722EC44B3004A33DD /* Customer.swift in Sources */,
				24E499E922EF5514004A33DD /* Request.swift in Sources */,
				24E499EB22EF551C004A33DD /* Response.swift in Sources */,
				24E499D422EC43CA004A33DD /* Customers.swift in Sources */,
				24E499CF22EC4307004A33DD /* UserEndpoint.swift in Sources */,
				24E499E122EC4877004A33DD /* CompanyAttribute.swift in Sources */,
				24E499CA22EC333E004A33DD /* Connection.swift in Sources */,
				24E499CD22EC42A6004A33DD /* GuestEndpoint.swift in Sources */,
				24E499D122EC4313004A33DD /* AdminEndpoint.swift in Sources */,
				24E499E522EC4939004A33DD /* CreateCustomers.swift in Sources */,
			);
			runOnlyForDeploymentPostprocessing = 0;
		};
/* End PBXSourcesBuildPhase section */

/* Begin XCBuildConfiguration section */
		24E499C322EC32B6004A33DD /* Debug */ = {
			isa = XCBuildConfiguration;
			buildSettings = {
				ALWAYS_SEARCH_USER_PATHS = NO;
				CLANG_ANALYZER_NONNULL = YES;
				CLANG_ANALYZER_NUMBER_OBJECT_CONVERSION = YES_AGGRESSIVE;
				CLANG_CXX_LANGUAGE_STANDARD = "gnu++14";
				CLANG_CXX_LIBRARY = "libc++";
				CLANG_ENABLE_MODULES = YES;
				CLANG_ENABLE_OBJC_ARC = YES;
				CLANG_ENABLE_OBJC_WEAK = YES;
				CLANG_WARN_BLOCK_CAPTURE_AUTORELEASING = YES;
				CLANG_WARN_BOOL_CONVERSION = YES;
				CLANG_WARN_COMMA = YES;
				CLANG_WARN_CONSTANT_CONVERSION = YES;
				CLANG_WARN_DEPRECATED_OBJC_IMPLEMENTATIONS = YES;
				CLANG_WARN_DIRECT_OBJC_ISA_USAGE = YES_ERROR;
				CLANG_WARN_DOCUMENTATION_COMMENTS = YES;
				CLANG_WARN_EMPTY_BODY = YES;
				CLANG_WARN_ENUM_CONVERSION = YES;
				CLANG_WARN_INFINITE_RECURSION = YES;
				CLANG_WARN_INT_CONVERSION = YES;
				CLANG_WARN_NON_LITERAL_NULL_CONVERSION = YES;
				CLANG_WARN_OBJC_IMPLICIT_RETAIN_SELF = YES;
				CLANG_WARN_OBJC_LITERAL_CONVERSION = YES;
				CLANG_WARN_OBJC_ROOT_CLASS = YES_ERROR;
				CLANG_WARN_RANGE_LOOP_ANALYSIS = YES;
				CLANG_WARN_STRICT_PROTOTYPES = YES;
				CLANG_WARN_SUSPICIOUS_MOVE = YES;
				CLANG_WARN_UNGUARDED_AVAILABILITY = YES_AGGRESSIVE;
				CLANG_WARN_UNREACHABLE_CODE = YES;
				CLANG_WARN__DUPLICATE_METHOD_MATCH = YES;
				CODE_SIGN_IDENTITY = "iPhone Developer";
				COPY_PHASE_STRIP = NO;
				DEBUG_INFORMATION_FORMAT = dwarf;
				ENABLE_STRICT_OBJC_MSGSEND = YES;
				ENABLE_TESTABILITY = YES;
				GCC_C_LANGUAGE_STANDARD = gnu11;
				GCC_DYNAMIC_NO_PIC = NO;
				GCC_NO_COMMON_BLOCKS = YES;
				GCC_OPTIMIZATION_LEVEL = 0;
				GCC_PREPROCESSOR_DEFINITIONS = (
					"DEBUG=1",
					"$(inherited)",
				);
				GCC_WARN_64_TO_32_BIT_CONVERSION = YES;
				GCC_WARN_ABOUT_RETURN_TYPE = YES_ERROR;
				GCC_WARN_UNDECLARED_SELECTOR = YES;
				GCC_WARN_UNINITIALIZED_AUTOS = YES_AGGRESSIVE;
				GCC_WARN_UNUSED_FUNCTION = YES;
				GCC_WARN_UNUSED_VARIABLE = YES;
				IPHONEOS_DEPLOYMENT_TARGET = 12.2;
				MTL_ENABLE_DEBUG_INFO = INCLUDE_SOURCE;
				MTL_FAST_MATH = YES;
				ONLY_ACTIVE_ARCH = YES;
				SDKROOT = iphoneos;
				SWIFT_ACTIVE_COMPILATION_CONDITIONS = DEBUG;
				SWIFT_OPTIMIZATION_LEVEL = "-Onone";
			};
			name = Debug;
		};
		24E499C422EC32B6004A33DD /* Release */ = {
			isa = XCBuildConfiguration;
			buildSettings = {
				ALWAYS_SEARCH_USER_PATHS = NO;
				CLANG_ANALYZER_NONNULL = YES;
				CLANG_ANALYZER_NUMBER_OBJECT_CONVERSION = YES_AGGRESSIVE;
				CLANG_CXX_LANGUAGE_STANDARD = "gnu++14";
				CLANG_CXX_LIBRARY = "libc++";
				CLANG_ENABLE_MODULES = YES;
				CLANG_ENABLE_OBJC_ARC = YES;
				CLANG_ENABLE_OBJC_WEAK = YES;
				CLANG_WARN_BLOCK_CAPTURE_AUTORELEASING = YES;
				CLANG_WARN_BOOL_CONVERSION = YES;
				CLANG_WARN_COMMA = YES;
				CLANG_WARN_CONSTANT_CONVERSION = YES;
				CLANG_WARN_DEPRECATED_OBJC_IMPLEMENTATIONS = YES;
				CLANG_WARN_DIRECT_OBJC_ISA_USAGE = YES_ERROR;
				CLANG_WARN_DOCUMENTATION_COMMENTS = YES;
				CLANG_WARN_EMPTY_BODY = YES;
				CLANG_WARN_ENUM_CONVERSION = YES;
				CLANG_WARN_INFINITE_RECURSION = YES;
				CLANG_WARN_INT_CONVERSION = YES;
				CLANG_WARN_NON_LITERAL_NULL_CONVERSION = YES;
				CLANG_WARN_OBJC_IMPLICIT_RETAIN_SELF = YES;
				CLANG_WARN_OBJC_LITERAL_CONVERSION = YES;
				CLANG_WARN_OBJC_ROOT_CLASS = YES_ERROR;
				CLANG_WARN_RANGE_LOOP_ANALYSIS = YES;
				CLANG_WARN_STRICT_PROTOTYPES = YES;
				CLANG_WARN_SUSPICIOUS_MOVE = YES;
				CLANG_WARN_UNGUARDED_AVAILABILITY = YES_AGGRESSIVE;
				CLANG_WARN_UNREACHABLE_CODE = YES;
				CLANG_WARN__DUPLICATE_METHOD_MATCH = YES;
				CODE_SIGN_IDENTITY = "iPhone Developer";
				COPY_PHASE_STRIP = NO;
				DEBUG_INFORMATION_FORMAT = "dwarf-with-dsym";
				ENABLE_NS_ASSERTIONS = NO;
				ENABLE_STRICT_OBJC_MSGSEND = YES;
				GCC_C_LANGUAGE_STANDARD = gnu11;
				GCC_NO_COMMON_BLOCKS = YES;
				GCC_WARN_64_TO_32_BIT_CONVERSION = YES;
				GCC_WARN_ABOUT_RETURN_TYPE = YES_ERROR;
				GCC_WARN_UNDECLARED_SELECTOR = YES;
				GCC_WARN_UNINITIALIZED_AUTOS = YES_AGGRESSIVE;
				GCC_WARN_UNUSED_FUNCTION = YES;
				GCC_WARN_UNUSED_VARIABLE = YES;
				IPHONEOS_DEPLOYMENT_TARGET = 12.2;
				MTL_ENABLE_DEBUG_INFO = NO;
				MTL_FAST_MATH = YES;
				SDKROOT = iphoneos;
				SWIFT_COMPILATION_MODE = wholemodule;
				SWIFT_OPTIMIZATION_LEVEL = "-O";
				VALIDATE_PRODUCT = YES;
			};
			name = Release;
		};
		24E499C622EC32B6004A33DD /* Debug */ = {
			isa = XCBuildConfiguration;
			baseConfigurationReference = 00BECA62C12FC7C862C01DC2 /* Pods-MagentoSDK.debug.xcconfig */;
			buildSettings = {
				CODE_SIGN_STYLE = Automatic;
				DEVELOPMENT_TEAM = Q3BW5SH34B;
				OTHER_LDFLAGS = "-ObjC";
				PRODUCT_NAME = "$(TARGET_NAME)";
				SKIP_INSTALL = YES;
				SWIFT_VERSION = 5.0;
				TARGETED_DEVICE_FAMILY = "1,2";
			};
			name = Debug;
		};
		24E499C722EC32B6004A33DD /* Release */ = {
			isa = XCBuildConfiguration;
			baseConfigurationReference = 88273FD37B217F7949C82697 /* Pods-MagentoSDK.release.xcconfig */;
			buildSettings = {
				CODE_SIGN_STYLE = Automatic;
				DEVELOPMENT_TEAM = Q3BW5SH34B;
				OTHER_LDFLAGS = "-ObjC";
				PRODUCT_NAME = "$(TARGET_NAME)";
				SKIP_INSTALL = YES;
				SWIFT_VERSION = 5.0;
				TARGETED_DEVICE_FAMILY = "1,2";
			};
			name = Release;
		};
/* End XCBuildConfiguration section */

/* Begin XCConfigurationList section */
		24E499B922EC32B6004A33DD /* Build configuration list for PBXProject "MagentoSDK" */ = {
			isa = XCConfigurationList;
			buildConfigurations = (
				24E499C322EC32B6004A33DD /* Debug */,
				24E499C422EC32B6004A33DD /* Release */,
			);
			defaultConfigurationIsVisible = 0;
			defaultConfigurationName = Debug;
		};
		24E499C522EC32B6004A33DD /* Build configuration list for PBXNativeTarget "MagentoSDK" */ = {
			isa = XCConfigurationList;
			buildConfigurations = (
				24E499C622EC32B6004A33DD /* Debug */,
				24E499C722EC32B6004A33DD /* Release */,
			);
			defaultConfigurationIsVisible = 0;
			defaultConfigurationName = Debug;
		};
/* End XCConfigurationList section */
	};
	rootObject = 24E499B622EC32B6004A33DD /* Project object */;
}
