// !$*UTF8*$!
{
	archiveVersion = 1;
	classes = {
	};
	objectVersion = 50;
	objects = {

/* Begin PBXBuildFile section */
		24E499FB22F0C753004A33DD /* AppDelegate.swift in Sources */ = {isa = PBXBuildFile; fileRef = 24E499FA22F0C753004A33DD /* AppDelegate.swift */; };
		24E499FD22F0C753004A33DD /* ViewController.swift in Sources */ = {isa = PBXBuildFile; fileRef = 24E499FC22F0C753004A33DD /* ViewController.swift */; };
		24E49A0022F0C753004A33DD /* Main.storyboard in Resources */ = {isa = PBXBuildFile; fileRef = 24E499FE22F0C753004A33DD /* Main.storyboard */; };
		24E49A0222F0C754004A33DD /* Assets.xcassets in Resources */ = {isa = PBXBuildFile; fileRef = 24E49A0122F0C754004A33DD /* Assets.xcassets */; };
		24E49A0522F0C754004A33DD /* LaunchScreen.storyboard in Resources */ = {isa = PBXBuildFile; fileRef = 24E49A0322F0C754004A33DD /* LaunchScreen.storyboard */; };
		24E49A1022F0C754004A33DD /* MagentoSDK_TestTests.swift in Sources */ = {isa = PBXBuildFile; fileRef = 24E49A0F22F0C754004A33DD /* MagentoSDK_TestTests.swift */; };
		24E49A1B22F0C754004A33DD /* MagentoSDK_TestUITests.swift in Sources */ = {isa = PBXBuildFile; fileRef = 24E49A1A22F0C754004A33DD /* MagentoSDK_TestUITests.swift */; };
/* End PBXBuildFile section */

/* Begin PBXContainerItemProxy section */
		24E49A0C22F0C754004A33DD /* PBXContainerItemProxy */ = {
			isa = PBXContainerItemProxy;
			containerPortal = 24E499EF22F0C753004A33DD /* Project object */;
			proxyType = 1;
			remoteGlobalIDString = 24E499F622F0C753004A33DD;
			remoteInfo = "MagentoSDK Test";
		};
		24E49A1722F0C754004A33DD /* PBXContainerItemProxy */ = {
			isa = PBXContainerItemProxy;
			containerPortal = 24E499EF22F0C753004A33DD /* Project object */;
			proxyType = 1;
			remoteGlobalIDString = 24E499F622F0C753004A33DD;
			remoteInfo = "MagentoSDK Test";
		};
/* End PBXContainerItemProxy section */

/* Begin PBXFileReference section */
		24E499F722F0C753004A33DD /* MagentoSDK Test.app */ = {isa = PBXFileReference; explicitFileType = wrapper.application; includeInIndex = 0; path = "MagentoSDK Test.app"; sourceTree = BUILT_PRODUCTS_DIR; };
		24E499FA22F0C753004A33DD /* AppDelegate.swift */ = {isa = PBXFileReference; lastKnownFileType = sourcecode.swift; path = AppDelegate.swift; sourceTree = "<group>"; };
		24E499FC22F0C753004A33DD /* ViewController.swift */ = {isa = PBXFileReference; lastKnownFileType = sourcecode.swift; path = ViewController.swift; sourceTree = "<group>"; };
		24E499FF22F0C753004A33DD /* Base */ = {isa = PBXFileReference; lastKnownFileType = file.storyboard; name = Base; path = Base.lproj/Main.storyboard; sourceTree = "<group>"; };
		24E49A0122F0C754004A33DD /* Assets.xcassets */ = {isa = PBXFileReference; lastKnownFileType = folder.assetcatalog; path = Assets.xcassets; sourceTree = "<group>"; };
		24E49A0422F0C754004A33DD /* Base */ = {isa = PBXFileReference; lastKnownFileType = file.storyboard; name = Base; path = Base.lproj/LaunchScreen.storyboard; sourceTree = "<group>"; };
		24E49A0622F0C754004A33DD /* Info.plist */ = {isa = PBXFileReference; lastKnownFileType = text.plist.xml; path = Info.plist; sourceTree = "<group>"; };
		24E49A0B22F0C754004A33DD /* MagentoSDK TestTests.xctest */ = {isa = PBXFileReference; explicitFileType = wrapper.cfbundle; includeInIndex = 0; path = "MagentoSDK TestTests.xctest"; sourceTree = BUILT_PRODUCTS_DIR; };
		24E49A0F22F0C754004A33DD /* MagentoSDK_TestTests.swift */ = {isa = PBXFileReference; lastKnownFileType = sourcecode.swift; path = MagentoSDK_TestTests.swift; sourceTree = "<group>"; };
		24E49A1122F0C754004A33DD /* Info.plist */ = {isa = PBXFileReference; lastKnownFileType = text.plist.xml; path = Info.plist; sourceTree = "<group>"; };
		24E49A1622F0C754004A33DD /* MagentoSDK TestUITests.xctest */ = {isa = PBXFileReference; explicitFileType = wrapper.cfbundle; includeInIndex = 0; path = "MagentoSDK TestUITests.xctest"; sourceTree = BUILT_PRODUCTS_DIR; };
		24E49A1A22F0C754004A33DD /* MagentoSDK_TestUITests.swift */ = {isa = PBXFileReference; lastKnownFileType = sourcecode.swift; path = MagentoSDK_TestUITests.swift; sourceTree = "<group>"; };
		24E49A1C22F0C754004A33DD /* Info.plist */ = {isa = PBXFileReference; lastKnownFileType = text.plist.xml; path = Info.plist; sourceTree = "<group>"; };
/* End PBXFileReference section */

/* Begin PBXFrameworksBuildPhase section */
		24E499F422F0C753004A33DD /* Frameworks */ = {
			isa = PBXFrameworksBuildPhase;
			buildActionMask = 2147483647;
			files = (
			);
			runOnlyForDeploymentPostprocessing = 0;
		};
		24E49A0822F0C754004A33DD /* Frameworks */ = {
			isa = PBXFrameworksBuildPhase;
			buildActionMask = 2147483647;
			files = (
			);
			runOnlyForDeploymentPostprocessing = 0;
		};
		24E49A1322F0C754004A33DD /* Frameworks */ = {
			isa = PBXFrameworksBuildPhase;
			buildActionMask = 2147483647;
			files = (
			);
			runOnlyForDeploymentPostprocessing = 0;
		};
/* End PBXFrameworksBuildPhase section */

/* Begin PBXGroup section */
		24E499EE22F0C753004A33DD = {
			isa = PBXGroup;
			children = (
				24E499F922F0C753004A33DD /* MagentoSDK Test */,
				24E49A0E22F0C754004A33DD /* MagentoSDK TestTests */,
				24E49A1922F0C754004A33DD /* MagentoSDK TestUITests */,
				24E499F822F0C753004A33DD /* Products */,
			);
			sourceTree = "<group>";
		};
		24E499F822F0C753004A33DD /* Products */ = {
			isa = PBXGroup;
			children = (
				24E499F722F0C753004A33DD /* MagentoSDK Test.app */,
				24E49A0B22F0C754004A33DD /* MagentoSDK TestTests.xctest */,
				24E49A1622F0C754004A33DD /* MagentoSDK TestUITests.xctest */,
			);
			name = Products;
			sourceTree = "<group>";
		};
		24E499F922F0C753004A33DD /* MagentoSDK Test */ = {
			isa = PBXGroup;
			children = (
				24E499FA22F0C753004A33DD /* AppDelegate.swift */,
				24E499FC22F0C753004A33DD /* ViewController.swift */,
				24E499FE22F0C753004A33DD /* Main.storyboard */,
				24E49A0122F0C754004A33DD /* Assets.xcassets */,
				24E49A0322F0C754004A33DD /* LaunchScreen.storyboard */,
				24E49A0622F0C754004A33DD /* Info.plist */,
			);
			path = "MagentoSDK Test";
			sourceTree = "<group>";
		};
		24E49A0E22F0C754004A33DD /* MagentoSDK TestTests */ = {
			isa = PBXGroup;
			children = (
				24E49A0F22F0C754004A33DD /* MagentoSDK_TestTests.swift */,
				24E49A1122F0C754004A33DD /* Info.plist */,
			);
			path = "MagentoSDK TestTests";
			sourceTree = "<group>";
		};
		24E49A1922F0C754004A33DD /* MagentoSDK TestUITests */ = {
			isa = PBXGroup;
			children = (
				24E49A1A22F0C754004A33DD /* MagentoSDK_TestUITests.swift */,
				24E49A1C22F0C754004A33DD /* Info.plist */,
			);
			path = "MagentoSDK TestUITests";
			sourceTree = "<group>";
		};
/* End PBXGroup section */

/* Begin PBXNativeTarget section */
		24E499F622F0C753004A33DD /* MagentoSDK Test */ = {
			isa = PBXNativeTarget;
			buildConfigurationList = 24E49A1F22F0C754004A33DD /* Build configuration list for PBXNativeTarget "MagentoSDK Test" */;
			buildPhases = (
				24E499F322F0C753004A33DD /* Sources */,
				24E499F422F0C753004A33DD /* Frameworks */,
				24E499F522F0C753004A33DD /* Resources */,
			);
			buildRules = (
			);
			dependencies = (
			);
			name = "MagentoSDK Test";
			productName = "MagentoSDK Test";
			productReference = 24E499F722F0C753004A33DD /* MagentoSDK Test.app */;
			productType = "com.apple.product-type.application";
		};
		24E49A0A22F0C754004A33DD /* MagentoSDK TestTests */ = {
			isa = PBXNativeTarget;
			buildConfigurationList = 24E49A2222F0C754004A33DD /* Build configuration list for PBXNativeTarget "MagentoSDK TestTests" */;
			buildPhases = (
				24E49A0722F0C754004A33DD /* Sources */,
				24E49A0822F0C754004A33DD /* Frameworks */,
				24E49A0922F0C754004A33DD /* Resources */,
			);
			buildRules = (
			);
			dependencies = (
				24E49A0D22F0C754004A33DD /* PBXTargetDependency */,
			);
			name = "MagentoSDK TestTests";
			productName = "MagentoSDK TestTests";
			productReference = 24E49A0B22F0C754004A33DD /* MagentoSDK TestTests.xctest */;
			productType = "com.apple.product-type.bundle.unit-test";
		};
		24E49A1522F0C754004A33DD /* MagentoSDK TestUITests */ = {
			isa = PBXNativeTarget;
			buildConfigurationList = 24E49A2522F0C754004A33DD /* Build configuration list for PBXNativeTarget "MagentoSDK TestUITests" */;
			buildPhases = (
				24E49A1222F0C754004A33DD /* Sources */,
				24E49A1322F0C754004A33DD /* Frameworks */,
				24E49A1422F0C754004A33DD /* Resources */,
			);
			buildRules = (
			);
			dependencies = (
				24E49A1822F0C754004A33DD /* PBXTargetDependency */,
			);
			name = "MagentoSDK TestUITests";
			productName = "MagentoSDK TestUITests";
			productReference = 24E49A1622F0C754004A33DD /* MagentoSDK TestUITests.xctest */;
			productType = "com.apple.product-type.bundle.ui-testing";
		};
/* End PBXNativeTarget section */

/* Begin PBXProject section */
		24E499EF22F0C753004A33DD /* Project object */ = {
			isa = PBXProject;
			attributes = {
				LastSwiftUpdateCheck = 1020;
				LastUpgradeCheck = 1020;
				ORGANIZATIONNAME = "Vincenzo La Rosa";
				TargetAttributes = {
					24E499F622F0C753004A33DD = {
						CreatedOnToolsVersion = 10.2.1;
					};
					24E49A0A22F0C754004A33DD = {
						CreatedOnToolsVersion = 10.2.1;
						TestTargetID = 24E499F622F0C753004A33DD;
					};
					24E49A1522F0C754004A33DD = {
						CreatedOnToolsVersion = 10.2.1;
						TestTargetID = 24E499F622F0C753004A33DD;
					};
				};
			};
			buildConfigurationList = 24E499F222F0C753004A33DD /* Build configuration list for PBXProject "MagentoSDK Test" */;
			compatibilityVersion = "Xcode 9.3";
			developmentRegion = en;
			hasScannedForEncodings = 0;
			knownRegions = (
				en,
				Base,
			);
			mainGroup = 24E499EE22F0C753004A33DD;
			productRefGroup = 24E499F822F0C753004A33DD /* Products */;
			projectDirPath = "";
			projectRoot = "";
			targets = (
				24E499F622F0C753004A33DD /* MagentoSDK Test */,
				24E49A0A22F0C754004A33DD /* MagentoSDK TestTests */,
				24E49A1522F0C754004A33DD /* MagentoSDK TestUITests */,
			);
		};
/* End PBXProject section */

/* Begin PBXResourcesBuildPhase section */
		24E499F522F0C753004A33DD /* Resources */ = {
			isa = PBXResourcesBuildPhase;
			buildActionMask = 2147483647;
			files = (
				24E49A0522F0C754004A33DD /* LaunchScreen.storyboard in Resources */,
				24E49A0222F0C754004A33DD /* Assets.xcassets in Resources */,
				24E49A0022F0C753004A33DD /* Main.storyboard in Resources */,
			);
			runOnlyForDeploymentPostprocessing = 0;
		};
		24E49A0922F0C754004A33DD /* Resources */ = {
			isa = PBXResourcesBuildPhase;
			buildActionMask = 2147483647;
			files = (
			);
			runOnlyForDeploymentPostprocessing = 0;
		};
		24E49A1422F0C754004A33DD /* Resources */ = {
			isa = PBXResourcesBuildPhase;
			buildActionMask = 2147483647;
			files = (
			);
			runOnlyForDeploymentPostprocessing = 0;
		};
/* End PBXResourcesBuildPhase section */

/* Begin PBXSourcesBuildPhase section */
		24E499F322F0C753004A33DD /* Sources */ = {
			isa = PBXSourcesBuildPhase;
			buildActionMask = 2147483647;
			files = (
				24E499FD22F0C753004A33DD /* ViewController.swift in Sources */,
				24E499FB22F0C753004A33DD /* AppDelegate.swift in Sources */,
			);
			runOnlyForDeploymentPostprocessing = 0;
		};
		24E49A0722F0C754004A33DD /* Sources */ = {
			isa = PBXSourcesBuildPhase;
			buildActionMask = 2147483647;
			files = (
				24E49A1022F0C754004A33DD /* MagentoSDK_TestTests.swift in Sources */,
			);
			runOnlyForDeploymentPostprocessing = 0;
		};
		24E49A1222F0C754004A33DD /* Sources */ = {
			isa = PBXSourcesBuildPhase;
			buildActionMask = 2147483647;
			files = (
				24E49A1B22F0C754004A33DD /* MagentoSDK_TestUITests.swift in Sources */,
			);
			runOnlyForDeploymentPostprocessing = 0;
		};
/* End PBXSourcesBuildPhase section */

/* Begin PBXTargetDependency section */
		24E49A0D22F0C754004A33DD /* PBXTargetDependency */ = {
			isa = PBXTargetDependency;
			target = 24E499F622F0C753004A33DD /* MagentoSDK Test */;
			targetProxy = 24E49A0C22F0C754004A33DD /* PBXContainerItemProxy */;
		};
		24E49A1822F0C754004A33DD /* PBXTargetDependency */ = {
			isa = PBXTargetDependency;
			target = 24E499F622F0C753004A33DD /* MagentoSDK Test */;
			targetProxy = 24E49A1722F0C754004A33DD /* PBXContainerItemProxy */;
		};
/* End PBXTargetDependency section */

/* Begin PBXVariantGroup section */
		24E499FE22F0C753004A33DD /* Main.storyboard */ = {
			isa = PBXVariantGroup;
			children = (
				24E499FF22F0C753004A33DD /* Base */,
			);
			name = Main.storyboard;
			sourceTree = "<group>";
		};
		24E49A0322F0C754004A33DD /* LaunchScreen.storyboard */ = {
			isa = PBXVariantGroup;
			children = (
				24E49A0422F0C754004A33DD /* Base */,
			);
			name = LaunchScreen.storyboard;
			sourceTree = "<group>";
		};
/* End PBXVariantGroup section */

/* Begin XCBuildConfiguration section */
		24E49A1D22F0C754004A33DD /* Debug */ = {
			isa = XCBuildConfiguration;
			buildSettings = {
				ALWAYS_SEARCH_USER_PATHS = NO;
				CLANG_ANALYZER_NONNULL = YES;
				CLANG_ANALYZER_NUMBER_OBJECT_CONVERSION = YES_AGGRESSIVE;
				CLANG_CXX_LANGUAGE_STANDARD = "gnu++14";
				CLANG_CXX_LIBRARY = "libc++";
				CLANG_ENABLE_MODULES = YES;
				CLANG_ENABLE_OBJC_ARC = YES;
				CLANG_ENABLE_OBJC_WEAK = YES;
				CLANG_WARN_BLOCK_CAPTURE_AUTORELEASING = YES;
				CLANG_WARN_BOOL_CONVERSION = YES;
				CLANG_WARN_COMMA = YES;
				CLANG_WARN_CONSTANT_CONVERSION = YES;
				CLANG_WARN_DEPRECATED_OBJC_IMPLEMENTATIONS = YES;
				CLANG_WARN_DIRECT_OBJC_ISA_USAGE = YES_ERROR;
				CLANG_WARN_DOCUMENTATION_COMMENTS = YES;
				CLANG_WARN_EMPTY_BODY = YES;
				CLANG_WARN_ENUM_CONVERSION = YES;
				CLANG_WARN_INFINITE_RECURSION = YES;
				CLANG_WARN_INT_CONVERSION = YES;
				CLANG_WARN_NON_LITERAL_NULL_CONVERSION = YES;
				CLANG_WARN_OBJC_IMPLICIT_RETAIN_SELF = YES;
				CLANG_WARN_OBJC_LITERAL_CONVERSION = YES;
				CLANG_WARN_OBJC_ROOT_CLASS = YES_ERROR;
				CLANG_WARN_RANGE_LOOP_ANALYSIS = YES;
				CLANG_WARN_STRICT_PROTOTYPES = YES;
				CLANG_WARN_SUSPICIOUS_MOVE = YES;
				CLANG_WARN_UNGUARDED_AVAILABILITY = YES_AGGRESSIVE;
				CLANG_WARN_UNREACHABLE_CODE = YES;
				CLANG_WARN__DUPLICATE_METHOD_MATCH = YES;
				CODE_SIGN_IDENTITY = "iPhone Developer";
				COPY_PHASE_STRIP = NO;
				DEBUG_INFORMATION_FORMAT = dwarf;
				ENABLE_STRICT_OBJC_MSGSEND = YES;
				ENABLE_TESTABILITY = YES;
				GCC_C_LANGUAGE_STANDARD = gnu11;
				GCC_DYNAMIC_NO_PIC = NO;
				GCC_NO_COMMON_BLOCKS = YES;
				GCC_OPTIMIZATION_LEVEL = 0;
				GCC_PREPROCESSOR_DEFINITIONS = (
					"DEBUG=1",
					"$(inherited)",
				);
				GCC_WARN_64_TO_32_BIT_CONVERSION = YES;
				GCC_WARN_ABOUT_RETURN_TYPE = YES_ERROR;
				GCC_WARN_UNDECLARED_SELECTOR = YES;
				GCC_WARN_UNINITIALIZED_AUTOS = YES_AGGRESSIVE;
				GCC_WARN_UNUSED_FUNCTION = YES;
				GCC_WARN_UNUSED_VARIABLE = YES;
				IPHONEOS_DEPLOYMENT_TARGET = 12.2;
				MTL_ENABLE_DEBUG_INFO = INCLUDE_SOURCE;
				MTL_FAST_MATH = YES;
				ONLY_ACTIVE_ARCH = YES;
				SDKROOT = iphoneos;
				SWIFT_ACTIVE_COMPILATION_CONDITIONS = DEBUG;
				SWIFT_OPTIMIZATION_LEVEL = "-Onone";
			};
			name = Debug;
		};
		24E49A1E22F0C754004A33DD /* Release */ = {
			isa = XCBuildConfiguration;
			buildSettings = {
				ALWAYS_SEARCH_USER_PATHS = NO;
				CLANG_ANALYZER_NONNULL = YES;
				CLANG_ANALYZER_NUMBER_OBJECT_CONVERSION = YES_AGGRESSIVE;
				CLANG_CXX_LANGUAGE_STANDARD = "gnu++14";
				CLANG_CXX_LIBRARY = "libc++";
				CLANG_ENABLE_MODULES = YES;
				CLANG_ENABLE_OBJC_ARC = YES;
				CLANG_ENABLE_OBJC_WEAK = YES;
				CLANG_WARN_BLOCK_CAPTURE_AUTORELEASING = YES;
				CLANG_WARN_BOOL_CONVERSION = YES;
				CLANG_WARN_COMMA = YES;
				CLANG_WARN_CONSTANT_CONVERSION = YES;
				CLANG_WARN_DEPRECATED_OBJC_IMPLEMENTATIONS = YES;
				CLANG_WARN_DIRECT_OBJC_ISA_USAGE = YES_ERROR;
				CLANG_WARN_DOCUMENTATION_COMMENTS = YES;
				CLANG_WARN_EMPTY_BODY = YES;
				CLANG_WARN_ENUM_CONVERSION = YES;
				CLANG_WARN_INFINITE_RECURSION = YES;
				CLANG_WARN_INT_CONVERSION = YES;
				CLANG_WARN_NON_LITERAL_NULL_CONVERSION = YES;
				CLANG_WARN_OBJC_IMPLICIT_RETAIN_SELF = YES;
				CLANG_WARN_OBJC_LITERAL_CONVERSION = YES;
				CLANG_WARN_OBJC_ROOT_CLASS = YES_ERROR;
				CLANG_WARN_RANGE_LOOP_ANALYSIS = YES;
				CLANG_WARN_STRICT_PROTOTYPES = YES;
				CLANG_WARN_SUSPICIOUS_MOVE = YES;
				CLANG_WARN_UNGUARDED_AVAILABILITY = YES_AGGRESSIVE;
				CLANG_WARN_UNREACHABLE_CODE = YES;
				CLANG_WARN__DUPLICATE_METHOD_MATCH = YES;
				CODE_SIGN_IDENTITY = "iPhone Developer";
				COPY_PHASE_STRIP = NO;
				DEBUG_INFORMATION_FORMAT = "dwarf-with-dsym";
				ENABLE_NS_ASSERTIONS = NO;
				ENABLE_STRICT_OBJC_MSGSEND = YES;
				GCC_C_LANGUAGE_STANDARD = gnu11;
				GCC_NO_COMMON_BLOCKS = YES;
				GCC_WARN_64_TO_32_BIT_CONVERSION = YES;
				GCC_WARN_ABOUT_RETURN_TYPE = YES_ERROR;
				GCC_WARN_UNDECLARED_SELECTOR = YES;
				GCC_WARN_UNINITIALIZED_AUTOS = YES_AGGRESSIVE;
				GCC_WARN_UNUSED_FUNCTION = YES;
				GCC_WARN_UNUSED_VARIABLE = YES;
				IPHONEOS_DEPLOYMENT_TARGET = 12.2;
				MTL_ENABLE_DEBUG_INFO = NO;
				MTL_FAST_MATH = YES;
				SDKROOT = iphoneos;
				SWIFT_COMPILATION_MODE = wholemodule;
				SWIFT_OPTIMIZATION_LEVEL = "-O";
				VALIDATE_PRODUCT = YES;
			};
			name = Release;
		};
		24E49A2022F0C754004A33DD /* Debug */ = {
			isa = XCBuildConfiguration;
			buildSettings = {
				ASSETCATALOG_COMPILER_APPICON_NAME = AppIcon;
				CODE_SIGN_STYLE = Automatic;
				DEVELOPMENT_TEAM = Q3BW5SH34B;
				INFOPLIST_FILE = "MagentoSDK Test/Info.plist";
				LD_RUNPATH_SEARCH_PATHS = (
					"$(inherited)",
					"@executable_path/Frameworks",
				);
				PRODUCT_BUNDLE_IDENTIFIER = "dev.enzolarosa.MagentoSDK-Test";
				PRODUCT_NAME = "$(TARGET_NAME)";
				SWIFT_VERSION = 5.0;
				TARGETED_DEVICE_FAMILY = "1,2";
			};
			name = Debug;
		};
		24E49A2122F0C754004A33DD /* Release */ = {
			isa = XCBuildConfiguration;
			buildSettings = {
				ASSETCATALOG_COMPILER_APPICON_NAME = AppIcon;
				CODE_SIGN_STYLE = Automatic;
				DEVELOPMENT_TEAM = Q3BW5SH34B;
				INFOPLIST_FILE = "MagentoSDK Test/Info.plist";
				LD_RUNPATH_SEARCH_PATHS = (
					"$(inherited)",
					"@executable_path/Frameworks",
				);
				PRODUCT_BUNDLE_IDENTIFIER = "dev.enzolarosa.MagentoSDK-Test";
				PRODUCT_NAME = "$(TARGET_NAME)";
				SWIFT_VERSION = 5.0;
				TARGETED_DEVICE_FAMILY = "1,2";
			};
			name = Release;
		};
		24E49A2322F0C754004A33DD /* Debug */ = {
			isa = XCBuildConfiguration;
			buildSettings = {
				ALWAYS_EMBED_SWIFT_STANDARD_LIBRARIES = YES;
				BUNDLE_LOADER = "$(TEST_HOST)";
				CODE_SIGN_STYLE = Automatic;
				DEVELOPMENT_TEAM = Q3BW5SH34B;
				INFOPLIST_FILE = "MagentoSDK TestTests/Info.plist";
				LD_RUNPATH_SEARCH_PATHS = (
					"$(inherited)",
					"@executable_path/Frameworks",
					"@loader_path/Frameworks",
				);
				PRODUCT_BUNDLE_IDENTIFIER = "dev.enzolarosa.MagentoSDK-TestTests";
				PRODUCT_NAME = "$(TARGET_NAME)";
				SWIFT_VERSION = 5.0;
				TARGETED_DEVICE_FAMILY = "1,2";
				TEST_HOST = "$(BUILT_PRODUCTS_DIR)/MagentoSDK Test.app/MagentoSDK Test";
			};
			name = Debug;
		};
		24E49A2422F0C754004A33DD /* Release */ = {
			isa = XCBuildConfiguration;
			buildSettings = {
				ALWAYS_EMBED_SWIFT_STANDARD_LIBRARIES = YES;
				BUNDLE_LOADER = "$(TEST_HOST)";
				CODE_SIGN_STYLE = Automatic;
				DEVELOPMENT_TEAM = Q3BW5SH34B;
				INFOPLIST_FILE = "MagentoSDK TestTests/Info.plist";
				LD_RUNPATH_SEARCH_PATHS = (
					"$(inherited)",
					"@executable_path/Frameworks",
					"@loader_path/Frameworks",
				);
				PRODUCT_BUNDLE_IDENTIFIER = "dev.enzolarosa.MagentoSDK-TestTests";
				PRODUCT_NAME = "$(TARGET_NAME)";
				SWIFT_VERSION = 5.0;
				TARGETED_DEVICE_FAMILY = "1,2";
				TEST_HOST = "$(BUILT_PRODUCTS_DIR)/MagentoSDK Test.app/MagentoSDK Test";
			};
			name = Release;
		};
		24E49A2622F0C754004A33DD /* Debug */ = {
			isa = XCBuildConfiguration;
			buildSettings = {
				ALWAYS_EMBED_SWIFT_STANDARD_LIBRARIES = YES;
				CODE_SIGN_STYLE = Automatic;
				DEVELOPMENT_TEAM = Q3BW5SH34B;
				INFOPLIST_FILE = "MagentoSDK TestUITests/Info.plist";
				LD_RUNPATH_SEARCH_PATHS = (
					"$(inherited)",
					"@executable_path/Frameworks",
					"@loader_path/Frameworks",
				);
				PRODUCT_BUNDLE_IDENTIFIER = "dev.enzolarosa.MagentoSDK-TestUITests";
				PRODUCT_NAME = "$(TARGET_NAME)";
				SWIFT_VERSION = 5.0;
				TARGETED_DEVICE_FAMILY = "1,2";
				TEST_TARGET_NAME = "MagentoSDK Test";
			};
			name = Debug;
		};
		24E49A2722F0C754004A33DD /* Release */ = {
			isa = XCBuildConfiguration;
			buildSettings = {
				ALWAYS_EMBED_SWIFT_STANDARD_LIBRARIES = YES;
				CODE_SIGN_STYLE = Automatic;
				DEVELOPMENT_TEAM = Q3BW5SH34B;
				INFOPLIST_FILE = "MagentoSDK TestUITests/Info.plist";
				LD_RUNPATH_SEARCH_PATHS = (
					"$(inherited)",
					"@executable_path/Frameworks",
					"@loader_path/Frameworks",
				);
				PRODUCT_BUNDLE_IDENTIFIER = "dev.enzolarosa.MagentoSDK-TestUITests";
				PRODUCT_NAME = "$(TARGET_NAME)";
				SWIFT_VERSION = 5.0;
				TARGETED_DEVICE_FAMILY = "1,2";
				TEST_TARGET_NAME = "MagentoSDK Test";
			};
			name = Release;
		};
/* End XCBuildConfiguration section */

/* Begin XCConfigurationList section */
		24E499F222F0C753004A33DD /* Build configuration list for PBXProject "MagentoSDK Test" */ = {
			isa = XCConfigurationList;
			buildConfigurations = (
				24E49A1D22F0C754004A33DD /* Debug */,
				24E49A1E22F0C754004A33DD /* Release */,
			);
			defaultConfigurationIsVisible = 0;
			defaultConfigurationName = Release;
		};
		24E49A1F22F0C754004A33DD /* Build configuration list for PBXNativeTarget "MagentoSDK Test" */ = {
			isa = XCConfigurationList;
			buildConfigurations = (
				24E49A2022F0C754004A33DD /* Debug */,
				24E49A2122F0C754004A33DD /* Release */,
			);
			defaultConfigurationIsVisible = 0;
			defaultConfigurationName = Release;
		};
		24E49A2222F0C754004A33DD /* Build configuration list for PBXNativeTarget "MagentoSDK TestTests" */ = {
			isa = XCConfigurationList;
			buildConfigurations = (
				24E49A2322F0C754004A33DD /* Debug */,
				24E49A2422F0C754004A33DD /* Release */,
			);
			defaultConfigurationIsVisible = 0;
			defaultConfigurationName = Release;
		};
		24E49A2522F0C754004A33DD /* Build configuration list for PBXNativeTarget "MagentoSDK TestUITests" */ = {
			isa = XCConfigurationList;
			buildConfigurations = (
				24E49A2622F0C754004A33DD /* Debug */,
				24E49A2722F0C754004A33DD /* Release */,
			);
			defaultConfigurationIsVisible = 0;
			defaultConfigurationName = Release;
		};
/* End XCConfigurationList section */
	};
	rootObject = 24E499EF22F0C753004A33DD /* Project object */;
}
